# NOTICE: This lockfile contains some overrides from shard.override.yml
version: 2.0
shards:
  backtracer:
    git: https://github.com/sija/backtracer.cr.git
    version: 1.2.2

  baked_file_system:
    git: https://github.com/schovi/baked_file_system.git
    version: 0.10.0

  crystal_mpd:
    git: https://github.com/mamantoha/crystal_mpd.git
    version: 0.15.3+git.commit.9777b8f2a98ae9ac475ea976bca7511439639b7b

  exception_page:
    git: https://github.com/crystal-loot/exception_page.git
    version: 0.4.1

  kemal: # Overridden
    git: https://github.com/kemalcr/kemal.git
    version: 1.5.0+git.commit.3243b8e0e03568ad3bd9f0ad6f445c871605b821

  radix:
    git: https://github.com/luislavena/radix.git
    version: 0.4.1

