# NOTICE: This lockfile contains some overrides from shard.override.yml
version: 2.0
shards:
  backtracer:
    git: https://github.com/sija/backtracer.cr.git
    version: 1.2.4

  baked_file_system:
    git: https://github.com/schovi/baked_file_system.git
    version: 0.10.0

  crystal_mpd:
    git: https://github.com/mamantoha/crystal_mpd.git
    version: 0.16.0+git.commit.e833045a4f0cbdbdbaf3e1036a2a7137589b2452

  exception_page:
    git: https://github.com/crystal-loot/exception_page.git
    version: 0.5.0

  ip_address_list:
    git: https://github.com/mamantoha/ip_address_list.git
    version: 0.1.1

  kemal: # Overridden
    git: https://github.com/kemalcr/kemal.git
    version: 1.6.0+git.commit.4352774968e2052b011b349a5f507d6db17cb8a6

  radix:
    git: https://github.com/luislavena/radix.git
    version: 0.4.1

